// !$*UTF8*$!
{
	archiveVersion = 1;
	classes = {
	};
	objectVersion = 48;
	objects = {

/* Begin PBXBuildFile section */
		5853727F200B8634005FF88A /* AppDelegate.swift in Sources */ = {isa = PBXBuildFile; fileRef = 5853727E200B8634005FF88A /* AppDelegate.swift */; };
		58537281200B8634005FF88A /* ViewController.swift in Sources */ = {isa = PBXBuildFile; fileRef = 58537280200B8634005FF88A /* ViewController.swift */; };
		58537284200B8634005FF88A /* Main.storyboard in Resources */ = {isa = PBXBuildFile; fileRef = 58537282200B8634005FF88A /* Main.storyboard */; };
		58537286200B8634005FF88A /* Assets.xcassets in Resources */ = {isa = PBXBuildFile; fileRef = 58537285200B8634005FF88A /* Assets.xcassets */; };
		58537289200B8634005FF88A /* LaunchScreen.storyboard in Resources */ = {isa = PBXBuildFile; fileRef = 58537287200B8634005FF88A /* LaunchScreen.storyboard */; };
		58537291200B9020005FF88A /* Inceptionv3.mlmodel in Sources */ = {isa = PBXBuildFile; fileRef = 58537290200B9020005FF88A /* Inceptionv3.mlmodel */; };
		58537293200B9037005FF88A /* Inception-v3.txt in Resources */ = {isa = PBXBuildFile; fileRef = 58537292200B9037005FF88A /* Inception-v3.txt */; };
/* End PBXBuildFile section */

/* Begin PBXFileReference section */
		5853727B200B8634005FF88A /* nu-coreml-image.app */ = {isa = PBXFileReference; explicitFileType = wrapper.application; includeInIndex = 0; path = "nu-coreml-image.app"; sourceTree = BUILT_PRODUCTS_DIR; };
		5853727E200B8634005FF88A /* AppDelegate.swift */ = {isa = PBXFileReference; lastKnownFileType = sourcecode.swift; path = AppDelegate.swift; sourceTree = "<group>"; };
		58537280200B8634005FF88A /* ViewController.swift */ = {isa = PBXFileReference; lastKnownFileType = sourcecode.swift; path = ViewController.swift; sourceTree = "<group>"; };
		58537283200B8634005FF88A /* Base */ = {isa = PBXFileReference; lastKnownFileType = file.storyboard; name = Base; path = Base.lproj/Main.storyboard; sourceTree = "<group>"; };
		58537285200B8634005FF88A /* Assets.xcassets */ = {isa = PBXFileReference; lastKnownFileType = folder.assetcatalog; path = Assets.xcassets; sourceTree = "<group>"; };
		58537288200B8634005FF88A /* Base */ = {isa = PBXFileReference; lastKnownFileType = file.storyboard; name = Base; path = Base.lproj/LaunchScreen.storyboard; sourceTree = "<group>"; };
		5853728A200B8634005FF88A /* Info.plist */ = {isa = PBXFileReference; lastKnownFileType = text.plist.xml; path = Info.plist; sourceTree = "<group>"; };
		58537290200B9020005FF88A /* Inceptionv3.mlmodel */ = {isa = PBXFileReference; lastKnownFileType = file.mlmodel; path = Inceptionv3.mlmodel; sourceTree = "<group>"; };
		58537292200B9037005FF88A /* Inception-v3.txt */ = {isa = PBXFileReference; fileEncoding = 4; lastKnownFileType = text; path = "Inception-v3.txt"; sourceTree = "<group>"; };
/* End PBXFileReference section */

/* Begin PBXFrameworksBuildPhase section */
		58537278200B8634005FF88A /* Frameworks */ = {
			isa = PBXFrameworksBuildPhase;
			buildActionMask = 2147483647;
			files = (
			);
			runOnlyForDeploymentPostprocessing = 0;
		};
/* End PBXFrameworksBuildPhase section */

/* Begin PBXGroup section */
		58537272200B8634005FF88A = {
			isa = PBXGroup;
			children = (
				58537292200B9037005FF88A /* Inception-v3.txt */,
				58537290200B9020005FF88A /* Inceptionv3.mlmodel */,
				5853727D200B8634005FF88A /* nu-coreml-image */,
				5853727C200B8634005FF88A /* Products */,
			);
			sourceTree = "<group>";
		};
		5853727C200B8634005FF88A /* Products */ = {
			isa = PBXGroup;
			children = (
				5853727B200B8634005FF88A /* nu-coreml-image.app */,
			);
			name = Products;
			sourceTree = "<group>";
		};
		5853727D200B8634005FF88A /* nu-coreml-image */ = {
			isa = PBXGroup;
			children = (
				5853727E200B8634005FF88A /* AppDelegate.swift */,
				58537280200B8634005FF88A /* ViewController.swift */,
				58537282200B8634005FF88A /* Main.storyboard */,
				58537285200B8634005FF88A /* Assets.xcassets */,
				58537287200B8634005FF88A /* LaunchScreen.storyboard */,
				5853728A200B8634005FF88A /* Info.plist */,
			);
			path = "nu-coreml-image";
			sourceTree = "<group>";
		};
/* End PBXGroup section */

/* Begin PBXNativeTarget section */
		5853727A200B8634005FF88A /* nu-coreml-image */ = {
			isa = PBXNativeTarget;
			buildConfigurationList = 5853728D200B8634005FF88A /* Build configuration list for PBXNativeTarget "nu-coreml-image" */;
			buildPhases = (
				58537277200B8634005FF88A /* Sources */,
				58537278200B8634005FF88A /* Frameworks */,
				58537279200B8634005FF88A /* Resources */,
			);
			buildRules = (
			);
			dependencies = (
			);
			name = "nu-coreml-image";
			productName = "nu-coreml-image";
			productReference = 5853727B200B8634005FF88A /* nu-coreml-image.app */;
			productType = "com.apple.product-type.application";
		};
/* End PBXNativeTarget section */

/* Begin PBXProject section */
		58537273200B8634005FF88A /* Project object */ = {
			isa = PBXProject;
			attributes = {
				LastSwiftUpdateCheck = 0920;
				LastUpgradeCheck = 0920;
				ORGANIZATIONNAME = "Nasir Uddin";
				TargetAttributes = {
					5853727A200B8634005FF88A = {
						CreatedOnToolsVersion = 9.2;
						ProvisioningStyle = Automatic;
					};
				};
			};
			buildConfigurationList = 58537276200B8634005FF88A /* Build configuration list for PBXProject "nu-coreml-image" */;
			compatibilityVersion = "Xcode 8.0";
			developmentRegion = en;
			hasScannedForEncodings = 0;
			knownRegions = (
				en,
				Base,
			);
			mainGroup = 58537272200B8634005FF88A;
			productRefGroup = 5853727C200B8634005FF88A /* Products */;
			projectDirPath = "";
			projectRoot = "";
			targets = (
				5853727A200B8634005FF88A /* nu-coreml-image */,
			);
		};
/* End PBXProject section */

/* Begin PBXResourcesBuildPhase section */
		58537279200B8634005FF88A /* Resources */ = {
			isa = PBXResourcesBuildPhase;
			buildActionMask = 2147483647;
			files = (
				58537289200B8634005FF88A /* LaunchScreen.storyboard in Resources */,
				58537293200B9037005FF88A /* Inception-v3.txt in Resources */,
				58537286200B8634005FF88A /* Assets.xcassets in Resources */,
				58537284200B8634005FF88A /* Main.storyboard in Resources */,
			);
			runOnlyForDeploymentPostprocessing = 0;
		};
/* End PBXResourcesBuildPhase section */

/* Begin PBXSourcesBuildPhase section */
		58537277200B8634005FF88A /* Sources */ = {
			isa = PBXSourcesBuildPhase;
			buildActionMask = 2147483647;
			files = (
				58537281200B8634005FF88A /* ViewController.swift in Sources */,
				58537291200B9020005FF88A /* Inceptionv3.mlmodel in Sources */,
				5853727F200B8634005FF88A /* AppDelegate.swift in Sources */,
			);
			runOnlyForDeploymentPostprocessing = 0;
		};
/* End PBXSourcesBuildPhase section */

/* Begin PBXVariantGroup section */
		58537282200B8634005FF88A /* Main.storyboard */ = {
			isa = PBXVariantGroup;
			children = (
				58537283200B8634005FF88A /* Base */,
			);
			name = Main.storyboard;
			sourceTree = "<group>";
		};
		58537287200B8634005FF88A /* LaunchScreen.storyboard */ = {
			isa = PBXVariantGroup;
			children = (
				58537288200B8634005FF88A /* Base */,
			);
			name = LaunchScreen.storyboard;
			sourceTree = "<group>";
		};
/* End PBXVariantGroup section */

/* Begin XCBuildConfiguration section */
		5853728B200B8634005FF88A /* Debug */ = {
			isa = XCBuildConfiguration;
			buildSettings = {
				ALWAYS_SEARCH_USER_PATHS = NO;
				CLANG_ANALYZER_NONNULL = YES;
				CLANG_ANALYZER_NUMBER_OBJECT_CONVERSION = YES_AGGRESSIVE;
				CLANG_CXX_LANGUAGE_STANDARD = "gnu++14";
				CLANG_CXX_LIBRARY = "libc++";
				CLANG_ENABLE_MODULES = YES;
				CLANG_ENABLE_OBJC_ARC = YES;
				CLANG_WARN_BLOCK_CAPTURE_AUTORELEASING = YES;
				CLANG_WARN_BOOL_CONVERSION = YES;
				CLANG_WARN_COMMA = YES;
				CLANG_WARN_CONSTANT_CONVERSION = YES;
				CLANG_WARN_DIRECT_OBJC_ISA_USAGE = YES_ERROR;
				CLANG_WARN_DOCUMENTATION_COMMENTS = YES;
				CLANG_WARN_EMPTY_BODY = YES;
				CLANG_WARN_ENUM_CONVERSION = YES;
				CLANG_WARN_INFINITE_RECURSION = YES;
				CLANG_WARN_INT_CONVERSION = YES;
				CLANG_WARN_NON_LITERAL_NULL_CONVERSION = YES;
				CLANG_WARN_OBJC_LITERAL_CONVERSION = YES;
				CLANG_WARN_OBJC_ROOT_CLASS = YES_ERROR;
				CLANG_WARN_RANGE_LOOP_ANALYSIS = YES;
				CLANG_WARN_STRICT_PROTOTYPES = YES;
				CLANG_WARN_SUSPICIOUS_MOVE = YES;
				CLANG_WARN_UNGUARDED_AVAILABILITY = YES_AGGRESSIVE;
				CLANG_WARN_UNREACHABLE_CODE = YES;
				CLANG_WARN__DUPLICATE_METHOD_MATCH = YES;
				CODE_SIGN_IDENTITY = "iPhone Developer";
				COPY_PHASE_STRIP = NO;
				DEBUG_INFORMATION_FORMAT = dwarf;
				ENABLE_STRICT_OBJC_MSGSEND = YES;
				ENABLE_TESTABILITY = YES;
				GCC_C_LANGUAGE_STANDARD = gnu11;
				GCC_DYNAMIC_NO_PIC = NO;
				GCC_NO_COMMON_BLOCKS = YES;
				GCC_OPTIMIZATION_LEVEL = 0;
				GCC_PREPROCESSOR_DEFINITIONS = (
					"DEBUG=1",
					"$(inherited)",
				);
				GCC_WARN_64_TO_32_BIT_CONVERSION = YES;
				GCC_WARN_ABOUT_RETURN_TYPE = YES_ERROR;
				GCC_WARN_UNDECLARED_SELECTOR = YES;
				GCC_WARN_UNINITIALIZED_AUTOS = YES_AGGRESSIVE;
				GCC_WARN_UNUSED_FUNCTION = YES;
				GCC_WARN_UNUSED_VARIABLE = YES;
				IPHONEOS_DEPLOYMENT_TARGET = 11.2;
				MTL_ENABLE_DEBUG_INFO = YES;
				ONLY_ACTIVE_ARCH = YES;
				SDKROOT = iphoneos;
				SWIFT_ACTIVE_COMPILATION_CONDITIONS = DEBUG;
				SWIFT_OPTIMIZATION_LEVEL = "-Onone";
			};
			name = Debug;
		};
		5853728C200B8634005FF88A /* Release */ = {
			isa = XCBuildConfiguration;
			buildSettings = {
				ALWAYS_SEARCH_USER_PATHS = NO;
				CLANG_ANALYZER_NONNULL = YES;
				CLANG_ANALYZER_NUMBER_OBJECT_CONVERSION = YES_AGGRESSIVE;
				CLANG_CXX_LANGUAGE_STANDARD = "gnu++14";
				CLANG_CXX_LIBRARY = "libc++";
				CLANG_ENABLE_MODULES = YES;
				CLANG_ENABLE_OBJC_ARC = YES;
				CLANG_WARN_BLOCK_CAPTURE_AUTORELEASING = YES;
				CLANG_WARN_BOOL_CONVERSION = YES;
				CLANG_WARN_COMMA = YES;
				CLANG_WARN_CONSTANT_CONVERSION = YES;
				CLANG_WARN_DIRECT_OBJC_ISA_USAGE = YES_ERROR;
				CLANG_WARN_DOCUMENTATION_COMMENTS = YES;
				CLANG_WARN_EMPTY_BODY = YES;
				CLANG_WARN_ENUM_CONVERSION = YES;
				CLANG_WARN_INFINITE_RECURSION = YES;
				CLANG_WARN_INT_CONVERSION = YES;
				CLANG_WARN_NON_LITERAL_NULL_CONVERSION = YES;
				CLANG_WARN_OBJC_LITERAL_CONVERSION = YES;
				CLANG_WARN_OBJC_ROOT_CLASS = YES_ERROR;
				CLANG_WARN_RANGE_LOOP_ANALYSIS = YES;
				CLANG_WARN_STRICT_PROTOTYPES = YES;
				CLANG_WARN_SUSPICIOUS_MOVE = YES;
				CLANG_WARN_UNGUARDED_AVAILABILITY = YES_AGGRESSIVE;
				CLANG_WARN_UNREACHABLE_CODE = YES;
				CLANG_WARN__DUPLICATE_METHOD_MATCH = YES;
				CODE_SIGN_IDENTITY = "iPhone Developer";
				COPY_PHASE_STRIP = NO;
				DEBUG_INFORMATION_FORMAT = "dwarf-with-dsym";
				ENABLE_NS_ASSERTIONS = NO;
				ENABLE_STRICT_OBJC_MSGSEND = YES;
				GCC_C_LANGUAGE_STANDARD = gnu11;
				GCC_NO_COMMON_BLOCKS = YES;
				GCC_WARN_64_TO_32_BIT_CONVERSION = YES;
				GCC_WARN_ABOUT_RETURN_TYPE = YES_ERROR;
				GCC_WARN_UNDECLARED_SELECTOR = YES;
				GCC_WARN_UNINITIALIZED_AUTOS = YES_AGGRESSIVE;
				GCC_WARN_UNUSED_FUNCTION = YES;
				GCC_WARN_UNUSED_VARIABLE = YES;
				IPHONEOS_DEPLOYMENT_TARGET = 11.2;
				MTL_ENABLE_DEBUG_INFO = NO;
				SDKROOT = iphoneos;
				SWIFT_OPTIMIZATION_LEVEL = "-Owholemodule";
				VALIDATE_PRODUCT = YES;
			};
			name = Release;
		};
		5853728E200B8634005FF88A /* Debug */ = {
			isa = XCBuildConfiguration;
			buildSettings = {
				ASSETCATALOG_COMPILER_APPICON_NAME = AppIcon;
				"CODE_SIGN_IDENTITY[sdk=iphoneos*]" = "iPhone Developer";
				CODE_SIGN_STYLE = Automatic;
				DEVELOPMENT_TEAM = 6L993NAN4B;
				INFOPLIST_FILE = "nu-coreml-image/Info.plist";
				IPHONEOS_DEPLOYMENT_TARGET = 11.2;
				LD_RUNPATH_SEARCH_PATHS = "$(inherited) @executable_path/Frameworks";
				PRODUCT_BUNDLE_IDENTIFIER = "https---github.com-nasirtrekker.nu-coreml-image";
				PRODUCT_NAME = "$(TARGET_NAME)";
				PROVISIONING_PROFILE_SPECIFIER = "";
				SWIFT_VERSION = 4.0;
				TARGETED_DEVICE_FAMILY = 1;
			};
			name = Debug;
		};
		5853728F200B8634005FF88A /* Release */ = {
			isa = XCBuildConfiguration;
			buildSettings = {
				ASSETCATALOG_COMPILER_APPICON_NAME = AppIcon;
				"CODE_SIGN_IDENTITY[sdk=iphoneos*]" = "iPhone Developer";
				CODE_SIGN_STYLE = Automatic;
				DEVELOPMENT_TEAM = 6L993NAN4B;
				INFOPLIST_FILE = "nu-coreml-image/Info.plist";
				IPHONEOS_DEPLOYMENT_TARGET = 11.2;
				LD_RUNPATH_SEARCH_PATHS = "$(inherited) @executable_path/Frameworks";
				PRODUCT_BUNDLE_IDENTIFIER = "https---github.com-nasirtrekker.nu-coreml-image";
				PRODUCT_NAME = "$(TARGET_NAME)";
				PROVISIONING_PROFILE_SPECIFIER = "";
				SWIFT_VERSION = 4.0;
				TARGETED_DEVICE_FAMILY = 1;
			};
			name = Release;
		};
/* End XCBuildConfiguration section */

/* Begin XCConfigurationList section */
		58537276200B8634005FF88A /* Build configuration list for PBXProject "nu-coreml-image" */ = {
			isa = XCConfigurationList;
			buildConfigurations = (
				5853728B200B8634005FF88A /* Debug */,
				5853728C200B8634005FF88A /* Release */,
			);
			defaultConfigurationIsVisible = 0;
			defaultConfigurationName = Release;
		};
		5853728D200B8634005FF88A /* Build configuration list for PBXNativeTarget "nu-coreml-image" */ = {
			isa = XCConfigurationList;
			buildConfigurations = (
				5853728E200B8634005FF88A /* Debug */,
				5853728F200B8634005FF88A /* Release */,
			);
			defaultConfigurationIsVisible = 0;
			defaultConfigurationName = Release;
		};
/* End XCConfigurationList section */
	};
	rootObject = 58537273200B8634005FF88A /* Project object */;
}
